// !$*UTF8*$!
{
	archiveVersion = 1;
	classes = {
	};
	objectVersion = 51;
	objects = {

/* Begin PBXBuildFile section */
		748CC85325BF03A6007B266D /* City.swift in Sources */ = {isa = PBXBuildFile; fileRef = 748CC85225BF03A6007B266D /* City.swift */; };
		74ADD03825BDB5BF00B5A8B5 /* AppDelegate.swift in Sources */ = {isa = PBXBuildFile; fileRef = 74ADD03725BDB5BF00B5A8B5 /* AppDelegate.swift */; };
		74ADD03A25BDB5BF00B5A8B5 /* SceneDelegate.swift in Sources */ = {isa = PBXBuildFile; fileRef = 74ADD03925BDB5BF00B5A8B5 /* SceneDelegate.swift */; };
		74ADD03F25BDB5BF00B5A8B5 /* Main.storyboard in Resources */ = {isa = PBXBuildFile; fileRef = 74ADD03D25BDB5BF00B5A8B5 /* Main.storyboard */; };
		74ADD04125BDB5C100B5A8B5 /* Assets.xcassets in Resources */ = {isa = PBXBuildFile; fileRef = 74ADD04025BDB5C100B5A8B5 /* Assets.xcassets */; };
		74ADD04425BDB5C100B5A8B5 /* LaunchScreen.storyboard in Resources */ = {isa = PBXBuildFile; fileRef = 74ADD04225BDB5C100B5A8B5 /* LaunchScreen.storyboard */; };
		74ADD04D25BDBD6E00B5A8B5 /* WetherJSON.swift in Sources */ = {isa = PBXBuildFile; fileRef = 74ADD04C25BDBD6E00B5A8B5 /* WetherJSON.swift */; };
		74E2E18B25BF276A00CD149E /* MainViewController.swift in Sources */ = {isa = PBXBuildFile; fileRef = 74E2E18A25BF276A00CD149E /* MainViewController.swift */; };
		74E2E19025BF77E500CD149E /* InfoViewController.swift in Sources */ = {isa = PBXBuildFile; fileRef = 74E2E18F25BF77E500CD149E /* InfoViewController.swift */; };
		74E2E19425BF947A00CD149E /* CustomTableViewCell.swift in Sources */ = {isa = PBXBuildFile; fileRef = 74E2E19325BF947A00CD149E /* CustomTableViewCell.swift */; };
		F14E932F8787591ED76C3F8D /* Pods_TestApp_YandexWether.framework in Frameworks */ = {isa = PBXBuildFile; fileRef = 1B72344A38A817FA2C633DAF /* Pods_TestApp_YandexWether.framework */; };
/* End PBXBuildFile section */

/* Begin PBXFileReference section */
		1B72344A38A817FA2C633DAF /* Pods_TestApp_YandexWether.framework */ = {isa = PBXFileReference; explicitFileType = wrapper.framework; includeInIndex = 0; path = Pods_TestApp_YandexWether.framework; sourceTree = BUILT_PRODUCTS_DIR; };
		748CC85225BF03A6007B266D /* City.swift */ = {isa = PBXFileReference; lastKnownFileType = sourcecode.swift; path = City.swift; sourceTree = "<group>"; };
		74ADD03425BDB5BF00B5A8B5 /* TestApp_YandexWether.app */ = {isa = PBXFileReference; explicitFileType = wrapper.application; includeInIndex = 0; path = TestApp_YandexWether.app; sourceTree = BUILT_PRODUCTS_DIR; };
		74ADD03725BDB5BF00B5A8B5 /* AppDelegate.swift */ = {isa = PBXFileReference; lastKnownFileType = sourcecode.swift; path = AppDelegate.swift; sourceTree = "<group>"; };
		74ADD03925BDB5BF00B5A8B5 /* SceneDelegate.swift */ = {isa = PBXFileReference; lastKnownFileType = sourcecode.swift; path = SceneDelegate.swift; sourceTree = "<group>"; };
		74ADD03E25BDB5BF00B5A8B5 /* Base */ = {isa = PBXFileReference; lastKnownFileType = file.storyboard; name = Base; path = Base.lproj/Main.storyboard; sourceTree = "<group>"; };
		74ADD04025BDB5C100B5A8B5 /* Assets.xcassets */ = {isa = PBXFileReference; lastKnownFileType = folder.assetcatalog; path = Assets.xcassets; sourceTree = "<group>"; };
		74ADD04325BDB5C100B5A8B5 /* Base */ = {isa = PBXFileReference; lastKnownFileType = file.storyboard; name = Base; path = Base.lproj/LaunchScreen.storyboard; sourceTree = "<group>"; };
		74ADD04525BDB5C100B5A8B5 /* Info.plist */ = {isa = PBXFileReference; lastKnownFileType = text.plist.xml; path = Info.plist; sourceTree = "<group>"; };
		74ADD04C25BDBD6E00B5A8B5 /* WetherJSON.swift */ = {isa = PBXFileReference; lastKnownFileType = sourcecode.swift; path = WetherJSON.swift; sourceTree = "<group>"; };
		74E2E18A25BF276A00CD149E /* MainViewController.swift */ = {isa = PBXFileReference; lastKnownFileType = sourcecode.swift; path = MainViewController.swift; sourceTree = "<group>"; };
		74E2E18F25BF77E500CD149E /* InfoViewController.swift */ = {isa = PBXFileReference; lastKnownFileType = sourcecode.swift; path = InfoViewController.swift; sourceTree = "<group>"; };
		74E2E19325BF947A00CD149E /* CustomTableViewCell.swift */ = {isa = PBXFileReference; lastKnownFileType = sourcecode.swift; path = CustomTableViewCell.swift; sourceTree = "<group>"; };
		DD49AF63C005289904850B50 /* Pods-TestApp_YandexWether.debug.xcconfig */ = {isa = PBXFileReference; includeInIndex = 1; lastKnownFileType = text.xcconfig; name = "Pods-TestApp_YandexWether.debug.xcconfig"; path = "Target Support Files/Pods-TestApp_YandexWether/Pods-TestApp_YandexWether.debug.xcconfig"; sourceTree = "<group>"; };
		EFADB9D4784F51B8416BCADF /* Pods-TestApp_YandexWether.release.xcconfig */ = {isa = PBXFileReference; includeInIndex = 1; lastKnownFileType = text.xcconfig; name = "Pods-TestApp_YandexWether.release.xcconfig"; path = "Target Support Files/Pods-TestApp_YandexWether/Pods-TestApp_YandexWether.release.xcconfig"; sourceTree = "<group>"; };
/* End PBXFileReference section */

/* Begin PBXFrameworksBuildPhase section */
		74ADD03125BDB5BF00B5A8B5 /* Frameworks */ = {
			isa = PBXFrameworksBuildPhase;
			buildActionMask = 2147483647;
			files = (
				F14E932F8787591ED76C3F8D /* Pods_TestApp_YandexWether.framework in Frameworks */,
			);
			runOnlyForDeploymentPostprocessing = 0;
		};
/* End PBXFrameworksBuildPhase section */

/* Begin PBXGroup section */
		74ADD02B25BDB5BF00B5A8B5 = {
			isa = PBXGroup;
			children = (
				74ADD03625BDB5BF00B5A8B5 /* TestApp_YandexWether */,
				74ADD03525BDB5BF00B5A8B5 /* Products */,
				AA088C134D3AF1800D40D834 /* Pods */,
				8CEE3F7A32228A116B7A1EFD /* Frameworks */,
			);
			sourceTree = "<group>";
		};
		74ADD03525BDB5BF00B5A8B5 /* Products */ = {
			isa = PBXGroup;
			children = (
				74ADD03425BDB5BF00B5A8B5 /* TestApp_YandexWether.app */,
			);
			name = Products;
			sourceTree = "<group>";
		};
		74ADD03625BDB5BF00B5A8B5 /* TestApp_YandexWether */ = {
			isa = PBXGroup;
			children = (
				74ADD03725BDB5BF00B5A8B5 /* AppDelegate.swift */,
				74ADD03925BDB5BF00B5A8B5 /* SceneDelegate.swift */,
				74E2E18A25BF276A00CD149E /* MainViewController.swift */,
				74E2E18F25BF77E500CD149E /* InfoViewController.swift */,
				74E2E19325BF947A00CD149E /* CustomTableViewCell.swift */,
				74ADD03D25BDB5BF00B5A8B5 /* Main.storyboard */,
				74ADD04025BDB5C100B5A8B5 /* Assets.xcassets */,
				74ADD04225BDB5C100B5A8B5 /* LaunchScreen.storyboard */,
				74ADD04525BDB5C100B5A8B5 /* Info.plist */,
				74ADD04C25BDBD6E00B5A8B5 /* WetherJSON.swift */,
				748CC85225BF03A6007B266D /* City.swift */,
			);
			path = TestApp_YandexWether;
			sourceTree = "<group>";
		};
		8CEE3F7A32228A116B7A1EFD /* Frameworks */ = {
			isa = PBXGroup;
			children = (
				1B72344A38A817FA2C633DAF /* Pods_TestApp_YandexWether.framework */,
			);
			name = Frameworks;
			sourceTree = "<group>";
		};
		AA088C134D3AF1800D40D834 /* Pods */ = {
			isa = PBXGroup;
			children = (
				DD49AF63C005289904850B50 /* Pods-TestApp_YandexWether.debug.xcconfig */,
				EFADB9D4784F51B8416BCADF /* Pods-TestApp_YandexWether.release.xcconfig */,
			);
			path = Pods;
			sourceTree = "<group>";
		};
/* End PBXGroup section */

/* Begin PBXNativeTarget section */
		74ADD03325BDB5BF00B5A8B5 /* TestApp_YandexWether */ = {
			isa = PBXNativeTarget;
			buildConfigurationList = 74ADD04825BDB5C100B5A8B5 /* Build configuration list for PBXNativeTarget "TestApp_YandexWether" */;
			buildPhases = (
				E7284DC869435E9263348CDB /* [CP] Check Pods Manifest.lock */,
				74ADD03025BDB5BF00B5A8B5 /* Sources */,
				74ADD03125BDB5BF00B5A8B5 /* Frameworks */,
				74ADD03225BDB5BF00B5A8B5 /* Resources */,
				4B73D0E15CC3C4E627380B8D /* [CP] Embed Pods Frameworks */,
			);
			buildRules = (
			);
			dependencies = (
			);
			name = TestApp_YandexWether;
			productName = TestApp_YandexWether;
			productReference = 74ADD03425BDB5BF00B5A8B5 /* TestApp_YandexWether.app */;
			productType = "com.apple.product-type.application";
		};
/* End PBXNativeTarget section */

/* Begin PBXProject section */
		74ADD02C25BDB5BF00B5A8B5 /* Project object */ = {
			isa = PBXProject;
			attributes = {
				LastSwiftUpdateCheck = 1230;
				LastUpgradeCheck = 1230;
				TargetAttributes = {
					74ADD03325BDB5BF00B5A8B5 = {
						CreatedOnToolsVersion = 12.3;
					};
				};
			};
			buildConfigurationList = 74ADD02F25BDB5BF00B5A8B5 /* Build configuration list for PBXProject "TestApp_YandexWether" */;
			compatibilityVersion = "Xcode 9.3";
			developmentRegion = en;
			hasScannedForEncodings = 0;
			knownRegions = (
				en,
				Base,
			);
			mainGroup = 74ADD02B25BDB5BF00B5A8B5;
			productRefGroup = 74ADD03525BDB5BF00B5A8B5 /* Products */;
			projectDirPath = "";
			projectRoot = "";
			targets = (
				74ADD03325BDB5BF00B5A8B5 /* TestApp_YandexWether */,
			);
		};
/* End PBXProject section */

/* Begin PBXResourcesBuildPhase section */
		74ADD03225BDB5BF00B5A8B5 /* Resources */ = {
			isa = PBXResourcesBuildPhase;
			buildActionMask = 2147483647;
			files = (
				74ADD04425BDB5C100B5A8B5 /* LaunchScreen.storyboard in Resources */,
				74ADD04125BDB5C100B5A8B5 /* Assets.xcassets in Resources */,
				74ADD03F25BDB5BF00B5A8B5 /* Main.storyboard in Resources */,
			);
			runOnlyForDeploymentPostprocessing = 0;
		};
/* End PBXResourcesBuildPhase section */

/* Begin PBXShellScriptBuildPhase section */
		4B73D0E15CC3C4E627380B8D /* [CP] Embed Pods Frameworks */ = {
			isa = PBXShellScriptBuildPhase;
			buildActionMask = 2147483647;
			files = (
			);
			inputFileListPaths = (
				"${PODS_ROOT}/Target Support Files/Pods-TestApp_YandexWether/Pods-TestApp_YandexWether-frameworks-${CONFIGURATION}-input-files.xcfilelist",
			);
			name = "[CP] Embed Pods Frameworks";
			outputFileListPaths = (
				"${PODS_ROOT}/Target Support Files/Pods-TestApp_YandexWether/Pods-TestApp_YandexWether-frameworks-${CONFIGURATION}-output-files.xcfilelist",
			);
			runOnlyForDeploymentPostprocessing = 0;
			shellPath = /bin/sh;
			shellScript = "\"${PODS_ROOT}/Target Support Files/Pods-TestApp_YandexWether/Pods-TestApp_YandexWether-frameworks.sh\"\n";
			showEnvVarsInLog = 0;
		};
		E7284DC869435E9263348CDB /* [CP] Check Pods Manifest.lock */ = {
			isa = PBXShellScriptBuildPhase;
			buildActionMask = 2147483647;
			files = (
			);
			inputFileListPaths = (
			);
			inputPaths = (
				"${PODS_PODFILE_DIR_PATH}/Podfile.lock",
				"${PODS_ROOT}/Manifest.lock",
			);
			name = "[CP] Check Pods Manifest.lock";
			outputFileListPaths = (
			);
			outputPaths = (
				"$(DERIVED_FILE_DIR)/Pods-TestApp_YandexWether-checkManifestLockResult.txt",
			);
			runOnlyForDeploymentPostprocessing = 0;
			shellPath = /bin/sh;
			shellScript = "diff \"${PODS_PODFILE_DIR_PATH}/Podfile.lock\" \"${PODS_ROOT}/Manifest.lock\" > /dev/null\nif [ $? != 0 ] ; then\n    # print error to STDERR\n    echo \"error: The sandbox is not in sync with the Podfile.lock. Run 'pod install' or update your CocoaPods installation.\" >&2\n    exit 1\nfi\n# This output is used by Xcode 'outputs' to avoid re-running this script phase.\necho \"SUCCESS\" > \"${SCRIPT_OUTPUT_FILE_0}\"\n";
			showEnvVarsInLog = 0;
		};
/* End PBXShellScriptBuildPhase section */

/* Begin PBXSourcesBuildPhase section */
		74ADD03025BDB5BF00B5A8B5 /* Sources */ = {
			isa = PBXSourcesBuildPhase;
			buildActionMask = 2147483647;
			files = (
				74ADD04D25BDBD6E00B5A8B5 /* WetherJSON.swift in Sources */,
				748CC85325BF03A6007B266D /* City.swift in Sources */,
				74E2E18B25BF276A00CD149E /* MainViewController.swift in Sources */,
				74E2E19425BF947A00CD149E /* CustomTableViewCell.swift in Sources */,
				74ADD03825BDB5BF00B5A8B5 /* AppDelegate.swift in Sources */,
				74E2E19025BF77E500CD149E /* InfoViewController.swift in Sources */,
				74ADD03A25BDB5BF00B5A8B5 /* SceneDelegate.swift in Sources */,
			);
			runOnlyForDeploymentPostprocessing = 0;
		};
/* End PBXSourcesBuildPhase section */

/* Begin PBXVariantGroup section */
		74ADD03D25BDB5BF00B5A8B5 /* Main.storyboard */ = {
			isa = PBXVariantGroup;
			children = (
				74ADD03E25BDB5BF00B5A8B5 /* Base */,
			);
			name = Main.storyboard;
			sourceTree = "<group>";
		};
		74ADD04225BDB5C100B5A8B5 /* LaunchScreen.storyboard */ = {
			isa = PBXVariantGroup;
			children = (
				74ADD04325BDB5C100B5A8B5 /* Base */,
			);
			name = LaunchScreen.storyboard;
			sourceTree = "<group>";
		};
/* End PBXVariantGroup section */

/* Begin XCBuildConfiguration section */
		74ADD04625BDB5C100B5A8B5 /* Debug */ = {
			isa = XCBuildConfiguration;
			buildSettings = {
				ALWAYS_SEARCH_USER_PATHS = NO;
				CLANG_ANALYZER_NONNULL = YES;
				CLANG_ANALYZER_NUMBER_OBJECT_CONVERSION = YES_AGGRESSIVE;
				CLANG_CXX_LANGUAGE_STANDARD = "gnu++14";
				CLANG_CXX_LIBRARY = "libc++";
				CLANG_ENABLE_MODULES = YES;
				CLANG_ENABLE_OBJC_ARC = YES;
				CLANG_ENABLE_OBJC_WEAK = YES;
				CLANG_WARN_BLOCK_CAPTURE_AUTORELEASING = YES;
				CLANG_WARN_BOOL_CONVERSION = YES;
				CLANG_WARN_COMMA = YES;
				CLANG_WARN_CONSTANT_CONVERSION = YES;
				CLANG_WARN_DEPRECATED_OBJC_IMPLEMENTATIONS = YES;
				CLANG_WARN_DIRECT_OBJC_ISA_USAGE = YES_ERROR;
				CLANG_WARN_DOCUMENTATION_COMMENTS = YES;
				CLANG_WARN_EMPTY_BODY = YES;
				CLANG_WARN_ENUM_CONVERSION = YES;
				CLANG_WARN_INFINITE_RECURSION = YES;
				CLANG_WARN_INT_CONVERSION = YES;
				CLANG_WARN_NON_LITERAL_NULL_CONVERSION = YES;
				CLANG_WARN_OBJC_IMPLICIT_RETAIN_SELF = YES;
				CLANG_WARN_OBJC_LITERAL_CONVERSION = YES;
				CLANG_WARN_OBJC_ROOT_CLASS = YES_ERROR;
				CLANG_WARN_QUOTED_INCLUDE_IN_FRAMEWORK_HEADER = YES;
				CLANG_WARN_RANGE_LOOP_ANALYSIS = YES;
				CLANG_WARN_STRICT_PROTOTYPES = YES;
				CLANG_WARN_SUSPICIOUS_MOVE = YES;
				CLANG_WARN_UNGUARDED_AVAILABILITY = YES_AGGRESSIVE;
				CLANG_WARN_UNREACHABLE_CODE = YES;
				CLANG_WARN__DUPLICATE_METHOD_MATCH = YES;
				COPY_PHASE_STRIP = NO;
				DEBUG_INFORMATION_FORMAT = dwarf;
				ENABLE_STRICT_OBJC_MSGSEND = YES;
				ENABLE_TESTABILITY = YES;
				GCC_C_LANGUAGE_STANDARD = gnu11;
				GCC_DYNAMIC_NO_PIC = NO;
				GCC_NO_COMMON_BLOCKS = YES;
				GCC_OPTIMIZATION_LEVEL = 0;
				GCC_PREPROCESSOR_DEFINITIONS = (
					"DEBUG=1",
					"$(inherited)",
				);
				GCC_WARN_64_TO_32_BIT_CONVERSION = YES;
				GCC_WARN_ABOUT_RETURN_TYPE = YES_ERROR;
				GCC_WARN_UNDECLARED_SELECTOR = YES;
				GCC_WARN_UNINITIALIZED_AUTOS = YES_AGGRESSIVE;
				GCC_WARN_UNUSED_FUNCTION = YES;
				GCC_WARN_UNUSED_VARIABLE = YES;
				IPHONEOS_DEPLOYMENT_TARGET = 14.3;
				MTL_ENABLE_DEBUG_INFO = INCLUDE_SOURCE;
				MTL_FAST_MATH = YES;
				ONLY_ACTIVE_ARCH = YES;
				SDKROOT = iphoneos;
				SWIFT_ACTIVE_COMPILATION_CONDITIONS = DEBUG;
				SWIFT_OPTIMIZATION_LEVEL = "-Onone";
			};
			name = Debug;
		};
		74ADD04725BDB5C100B5A8B5 /* Release */ = {
			isa = XCBuildConfiguration;
			buildSettings = {
				ALWAYS_SEARCH_USER_PATHS = NO;
				CLANG_ANALYZER_NONNULL = YES;
				CLANG_ANALYZER_NUMBER_OBJECT_CONVERSION = YES_AGGRESSIVE;
				CLANG_CXX_LANGUAGE_STANDARD = "gnu++14";
				CLANG_CXX_LIBRARY = "libc++";
				CLANG_ENABLE_MODULES = YES;
				CLANG_ENABLE_OBJC_ARC = YES;
				CLANG_ENABLE_OBJC_WEAK = YES;
				CLANG_WARN_BLOCK_CAPTURE_AUTORELEASING = YES;
				CLANG_WARN_BOOL_CONVERSION = YES;
				CLANG_WARN_COMMA = YES;
				CLANG_WARN_CONSTANT_CONVERSION = YES;
				CLANG_WARN_DEPRECATED_OBJC_IMPLEMENTATIONS = YES;
				CLANG_WARN_DIRECT_OBJC_ISA_USAGE = YES_ERROR;
				CLANG_WARN_DOCUMENTATION_COMMENTS = YES;
				CLANG_WARN_EMPTY_BODY = YES;
				CLANG_WARN_ENUM_CONVERSION = YES;
				CLANG_WARN_INFINITE_RECURSION = YES;
				CLANG_WARN_INT_CONVERSION = YES;
				CLANG_WARN_NON_LITERAL_NULL_CONVERSION = YES;
				CLANG_WARN_OBJC_IMPLICIT_RETAIN_SELF = YES;
				CLANG_WARN_OBJC_LITERAL_CONVERSION = YES;
				CLANG_WARN_OBJC_ROOT_CLASS = YES_ERROR;
				CLANG_WARN_QUOTED_INCLUDE_IN_FRAMEWORK_HEADER = YES;
				CLANG_WARN_RANGE_LOOP_ANALYSIS = YES;
				CLANG_WARN_STRICT_PROTOTYPES = YES;
				CLANG_WARN_SUSPICIOUS_MOVE = YES;
				CLANG_WARN_UNGUARDED_AVAILABILITY = YES_AGGRESSIVE;
				CLANG_WARN_UNREACHABLE_CODE = YES;
				CLANG_WARN__DUPLICATE_METHOD_MATCH = YES;
				COPY_PHASE_STRIP = NO;
				DEBUG_INFORMATION_FORMAT = "dwarf-with-dsym";
				ENABLE_NS_ASSERTIONS = NO;
				ENABLE_STRICT_OBJC_MSGSEND = YES;
				GCC_C_LANGUAGE_STANDARD = gnu11;
				GCC_NO_COMMON_BLOCKS = YES;
				GCC_WARN_64_TO_32_BIT_CONVERSION = YES;
				GCC_WARN_ABOUT_RETURN_TYPE = YES_ERROR;
				GCC_WARN_UNDECLARED_SELECTOR = YES;
				GCC_WARN_UNINITIALIZED_AUTOS = YES_AGGRESSIVE;
				GCC_WARN_UNUSED_FUNCTION = YES;
				GCC_WARN_UNUSED_VARIABLE = YES;
				IPHONEOS_DEPLOYMENT_TARGET = 14.3;
				MTL_ENABLE_DEBUG_INFO = NO;
				MTL_FAST_MATH = YES;
				SDKROOT = iphoneos;
				SWIFT_COMPILATION_MODE = wholemodule;
				SWIFT_OPTIMIZATION_LEVEL = "-O";
				VALIDATE_PRODUCT = YES;
			};
			name = Release;
		};
		74ADD04925BDB5C100B5A8B5 /* Debug */ = {
			isa = XCBuildConfiguration;
			baseConfigurationReference = DD49AF63C005289904850B50 /* Pods-TestApp_YandexWether.debug.xcconfig */;
			buildSettings = {
				ASSETCATALOG_COMPILER_APPICON_NAME = AppIcon;
				ASSETCATALOG_COMPILER_GLOBAL_ACCENT_COLOR_NAME = AccentColor;
				CODE_SIGN_STYLE = Automatic;
				DEVELOPMENT_TEAM = 2NJA6A6R83;
				INFOPLIST_FILE = TestApp_YandexWether/Info.plist;
				IPHONEOS_DEPLOYMENT_TARGET = 14.0;
				LD_RUNPATH_SEARCH_PATHS = (
					"$(inherited)",
					"@executable_path/Frameworks",
				);
				PRODUCT_BUNDLE_IDENTIFIER = "AlexRuBot.TestApp-YandexWether";
				PRODUCT_NAME = "$(TARGET_NAME)";
				SWIFT_VERSION = 5.0;
				TARGETED_DEVICE_FAMILY = "1,2";
			};
			name = Debug;
		};
		74ADD04A25BDB5C100B5A8B5 /* Release */ = {
			isa = XCBuildConfiguration;
			baseConfigurationReference = EFADB9D4784F51B8416BCADF /* Pods-TestApp_YandexWether.release.xcconfig */;
			buildSettings = {
				ASSETCATALOG_COMPILER_APPICON_NAME = AppIcon;
				ASSETCATALOG_COMPILER_GLOBAL_ACCENT_COLOR_NAME = AccentColor;
				CODE_SIGN_STYLE = Automatic;
				DEVELOPMENT_TEAM = 2NJA6A6R83;
				INFOPLIST_FILE = TestApp_YandexWether/Info.plist;
				IPHONEOS_DEPLOYMENT_TARGET = 14.0;
				LD_RUNPATH_SEARCH_PATHS = (
					"$(inherited)",
					"@executable_path/Frameworks",
				);
				PRODUCT_BUNDLE_IDENTIFIER = "AlexRuBot.TestApp-YandexWether";
				PRODUCT_NAME = "$(TARGET_NAME)";
				SWIFT_VERSION = 5.0;
				TARGETED_DEVICE_FAMILY = "1,2";
			};
			name = Release;
		};
/* End XCBuildConfiguration section */

/* Begin XCConfigurationList section */
		74ADD02F25BDB5BF00B5A8B5 /* Build configuration list for PBXProject "TestApp_YandexWether" */ = {
			isa = XCConfigurationList;
			buildConfigurations = (
				74ADD04625BDB5C100B5A8B5 /* Debug */,
				74ADD04725BDB5C100B5A8B5 /* Release */,
			);
			defaultConfigurationIsVisible = 0;
			defaultConfigurationName = Release;
		};
		74ADD04825BDB5C100B5A8B5 /* Build configuration list for PBXNativeTarget "TestApp_YandexWether" */ = {
			isa = XCConfigurationList;
			buildConfigurations = (
				74ADD04925BDB5C100B5A8B5 /* Debug */,
				74ADD04A25BDB5C100B5A8B5 /* Release */,
			);
			defaultConfigurationIsVisible = 0;
			defaultConfigurationName = Release;
		};
/* End XCConfigurationList section */
	};
	rootObject = 74ADD02C25BDB5BF00B5A8B5 /* Project object */;
}
